
Microsoft Visual Studio Solution File, Format Version 12.00
# Visual Studio Version 17
VisualStudioVersion = 17.3.32929.385
MinimumVisualStudioVersion = 10.0.40219.1
Project("{9A19103F-16F7-4668-BE54-9A1E7A4F7556}") = "MyStore", "MyStore\MyStore.csproj", "{85CB5021-179B-46E6-B3C7-47C09C8CEF89}"
EndProject
Global
	GlobalSection(SolutionConfigurationPlatforms) = preSolution
		Debug|Any CPU = Debug|Any CPU
		Release|Any CPU = Release|Any CPU
	EndGlobalSection
	GlobalSection(ProjectConfigurationPlatforms) = postSolution
		{85CB5021-179B-46E6-B3C7-47C09C8CEF89}.Debug|Any CPU.ActiveCfg = Debug|Any CPU
		{85CB5021-179B-46E6-B3C7-47C09C8CEF89}.Debug|Any CPU.Build.0 = Debug|Any CPU
		{85CB5021-179B-46E6-B3C7-47C09C8CEF89}.Release|Any CPU.ActiveCfg = Release|Any CPU
		{85CB5021-179B-46E6-B3C7-47C09C8CEF89}.Release|Any CPU.Build.0 = Release|Any CPU
	EndGlobalSection
	GlobalSection(SolutionProperties) = preSolution
		HideSolutionNode = FALSE
	EndGlobalSection
	GlobalSection(ExtensibilityGlobals) = postSolution
		SolutionGuid = {F8A8268F-50A9-4993-842B-05D6A85AEA42}
	EndGlobalSection
EndGlobal
